
Microsoft Visual Studio Solution File, Format Version 12.00
# Visual Studio Version 17
VisualStudioVersion = 17.7.34024.191
MinimumVisualStudioVersion = 10.0.40219.1
Project("{FAE04EC0-301F-11D3-BF4B-00C04F79EFBC}") = "28.05.2024 5 задание", "28.05.2024 5 задание\28.05.2024 5 задание.csproj", "{002A541F-D953-4180-BAD3-CC25F5FB199A}"
EndProject
Global
	GlobalSection(SolutionConfigurationPlatforms) = preSolution
		Debug|Any CPU = Debug|Any CPU
		Release|Any CPU = Release|Any CPU
	EndGlobalSection
	GlobalSection(ProjectConfigurationPlatforms) = postSolution
		{002A541F-D953-4180-BAD3-CC25F5FB199A}.Debug|Any CPU.ActiveCfg = Debug|Any CPU
		{002A541F-D953-4180-BAD3-CC25F5FB199A}.Debug|Any CPU.Build.0 = Debug|Any CPU
		{002A541F-D953-4180-BAD3-CC25F5FB199A}.Release|Any CPU.ActiveCfg = Release|Any CPU
		{002A541F-D953-4180-BAD3-CC25F5FB199A}.Release|Any CPU.Build.0 = Release|Any CPU
	EndGlobalSection
	GlobalSection(SolutionProperties) = preSolution
		HideSolutionNode = FALSE
	EndGlobalSection
	GlobalSection(ExtensibilityGlobals) = postSolution
		SolutionGuid = {91F2824F-8742-4959-86B8-995E5884AE7F}
	EndGlobalSection
EndGlobal
